# THIS IS AN AUTOGENERATED FILE. DO NOT EDIT THIS FILE DIRECTLY.
# yarn lockfile v1


"@graphql-typed-document-node/core@^3.1.1":
  version "3.1.1"
  resolved "https://registry.yarnpkg.com/@graphql-typed-document-node/core/-/core-3.1.1.tgz#076d78ce99822258cf813ecc1e7fa460fa74d052"
  integrity sha512-NQ17ii0rK1b34VZonlmT2QMJFI70m0TRwbknO/ihlbatXyaktDhN/98vBiUU6kNBPljqGqyIrl2T4nY2RpFANg==

"@urql/core@^2.4.3":
  version "2.5.0"
  resolved "https://registry.yarnpkg.com/@urql/core/-/core-2.5.0.tgz#6b7e736dc9d3e9e9d7ea3e711ae8dc52be443b1b"
  integrity sha512-xXdcgb0H3nNTP4OfC+5T3CHJ0iz7Jj0QQYSYhN/hvKrzFnisPz2n6WXmvsHmMXk5bJHsr39kx4eOHcpsJuyCew==
  dependencies:
    "@graphql-typed-document-node/core" "^3.1.1"
    wonka "^4.0.14"

typescript@^4.7.2:
  version "4.7.2"
  resolved "https://registry.yarnpkg.com/typescript/-/typescript-4.7.2.tgz#1f9aa2ceb9af87cca227813b4310fff0b51593c4"
  integrity sha512-Mamb1iX2FDUpcTRzltPxgWMKy3fhg0TN378ylbktPGPK/99KbDtMQ4W1hwgsbPAsG3a0xKa1vmw4VKZQbkvz5A==

urql@^2.2.1:
  version "2.2.1"
  resolved "https://registry.yarnpkg.com/urql/-/urql-2.2.1.tgz#34b0e4abe38ee310e794bfd873517b3d78b9e863"
  integrity sha512-KoGxe8FBUkX0Ava5qOlnK2bRup2JTKF577MfQ8mpdt/kqq+b2RHJiAYdCLcMEE0Xh6kGQoY99pteFp/F47Buzg==
  dependencies:
    "@urql/core" "^2.4.3"
    wonka "^4.0.14"

wonka@^4.0.14, wonka@^4.0.15:
  version "4.0.15"
  resolved "https://registry.yarnpkg.com/wonka/-/wonka-4.0.15.tgz#9aa42046efa424565ab8f8f451fcca955bf80b89"
  integrity sha512-U0IUQHKXXn6PFo9nqsHphVCE5m3IntqZNB9Jjn7EB1lrR7YTDY3YWgFvEvwniTzXSvOH/XMzAZaIfJF/LvHYXg==
